
Microsoft Visual Studio Solution File, Format Version 9.00
# Visual Studio 2005
Project("{FAE04EC0-301F-11D3-BF4B-00C04F79EFBC}") = "StarterApplication", "RavenClaw\StarterApplication.csproj", "{3EB71754-2313-4ADA-A81F-E5B888FF931C}"
EndProject
Project("{FAE04EC0-301F-11D3-BF4B-00C04F79EFBC}") = "RavenClaw.MudEngine", "RavenClaw.MudEngine\RavenClaw.MudEngine.csproj", "{39743DD7-6C89-4F3F-A704-6790DFC20632}"
EndProject
Global
	GlobalSection(SolutionConfigurationPlatforms) = preSolution
		Debug|Any CPU = Debug|Any CPU
		Release|Any CPU = Release|Any CPU
	EndGlobalSection
	GlobalSection(ProjectConfigurationPlatforms) = postSolution
		{3EB71754-2313-4ADA-A81F-E5B888FF931C}.Debug|Any CPU.ActiveCfg = Debug|Any CPU
		{3EB71754-2313-4ADA-A81F-E5B888FF931C}.Debug|Any CPU.Build.0 = Debug|Any CPU
		{3EB71754-2313-4ADA-A81F-E5B888FF931C}.Release|Any CPU.ActiveCfg = Release|Any CPU
		{3EB71754-2313-4ADA-A81F-E5B888FF931C}.Release|Any CPU.Build.0 = Release|Any CPU
		{39743DD7-6C89-4F3F-A704-6790DFC20632}.Debug|Any CPU.ActiveCfg = Debug|Any CPU
		{39743DD7-6C89-4F3F-A704-6790DFC20632}.Debug|Any CPU.Build.0 = Debug|Any CPU
		{39743DD7-6C89-4F3F-A704-6790DFC20632}.Release|Any CPU.ActiveCfg = Release|Any CPU
		{39743DD7-6C89-4F3F-A704-6790DFC20632}.Release|Any CPU.Build.0 = Release|Any CPU
	EndGlobalSection
	GlobalSection(SolutionProperties) = preSolution
		HideSolutionNode = FALSE
	EndGlobalSection
EndGlobal
